Microsoft Visual Studio Solution File, Format Version 12.00
# Visual Studio Version 17
VisualStudioVersion = 17.5.2.0
MinimumVisualStudioVersion = 10.0.40219.1
Project("{FAE04EC0-301F-11D3-BF4B-00C04F79EFBC}") = "Dango.BlogUtils", "Dango.BlogUtils.csproj", "{1D6FE3DE-3386-640D-B4D6-1267CBD2927B}"
EndProject
Global
	GlobalSection(SolutionConfigurationPlatforms) = preSolution
		Debug|Any CPU = Debug|Any CPU
		Release|Any CPU = Release|Any CPU
	EndGlobalSection
	GlobalSection(ProjectConfigurationPlatforms) = postSolution
		{1D6FE3DE-3386-640D-B4D6-1267CBD2927B}.Debug|Any CPU.ActiveCfg = Debug|Any CPU
		{1D6FE3DE-3386-640D-B4D6-1267CBD2927B}.Debug|Any CPU.Build.0 = Debug|Any CPU
		{1D6FE3DE-3386-640D-B4D6-1267CBD2927B}.Release|Any CPU.ActiveCfg = Release|Any CPU
		{1D6FE3DE-3386-640D-B4D6-1267CBD2927B}.Release|Any CPU.Build.0 = Release|Any CPU
	EndGlobalSection
	GlobalSection(SolutionProperties) = preSolution
		HideSolutionNode = FALSE
	EndGlobalSection
	GlobalSection(ExtensibilityGlobals) = postSolution
		SolutionGuid = {7EC9B421-0D44-449B-A706-0FCF44F841D6}
	EndGlobalSection
EndGlobal
